
Microsoft Visual Studio Solution File, Format Version 12.00
# Visual Studio 15
VisualStudioVersion = 15.0.28307.168
MinimumVisualStudioVersion = 10.0.40219.1
Project("{FAE04EC0-301F-11D3-BF4B-00C04F79EFBC}") = "NewPhotoViewer", "NewPhotoViewer\NewPhotoViewer.csproj", "{057EAEFD-9E55-41E8-B247-4CA4771E60BA}"
EndProject
Global
	GlobalSection(SolutionConfigurationPlatforms) = preSolution
		Debug|Any CPU = Debug|Any CPU
		Release|Any CPU = Release|Any CPU
	EndGlobalSection
	GlobalSection(ProjectConfigurationPlatforms) = postSolution
		{057EAEFD-9E55-41E8-B247-4CA4771E60BA}.Debug|Any CPU.ActiveCfg = Debug|Any CPU
		{057EAEFD-9E55-41E8-B247-4CA4771E60BA}.Debug|Any CPU.Build.0 = Debug|Any CPU
		{057EAEFD-9E55-41E8-B247-4CA4771E60BA}.Release|Any CPU.ActiveCfg = Release|Any CPU
		{057EAEFD-9E55-41E8-B247-4CA4771E60BA}.Release|Any CPU.Build.0 = Release|Any CPU
	EndGlobalSection
	GlobalSection(SolutionProperties) = preSolution
		HideSolutionNode = FALSE
	EndGlobalSection
	GlobalSection(ExtensibilityGlobals) = postSolution
		SolutionGuid = {8790C355-65B7-48F1-AA7C-3C2B919326E5}
	EndGlobalSection
EndGlobal
